
Microsoft Visual Studio Solution File, Format Version 12.00
# Visual Studio Version 17
VisualStudioVersion = 17.0.31903.59
MinimumVisualStudioVersion = 10.0.40219.1
Project("{2150E333-8FDC-42A3-9474-1A3956D46DE8}") = "API", "API", "{92E5B183-0FBA-4DFB-A476-496F986A8EB4}"
EndProject
Project("{FAE04EC0-301F-11D3-BF4B-00C04F79EFBC}") = "LokalProdusert.API", "API\LokalProdusert.API\LokalProdusert.API.csproj", "{FD0C9A5D-A2C2-4240-ADDE-87DBFFD5F80E}"
EndProject
Project("{2150E333-8FDC-42A3-9474-1A3956D46DE8}") = "Modules", "Modules", "{D291478E-FC53-43F3-B2F0-E4895D87A329}"
EndProject
Project("{2150E333-8FDC-42A3-9474-1A3956D46DE8}") = "Sales", "Sales", "{9E4C3705-0B11-469A-99CE-4901D365EF28}"
EndProject
Project("{FAE04EC0-301F-11D3-BF4B-00C04F79EFBC}") = "Sales.Application", "Modules\Sales\Sales.Application\Sales.Application.csproj", "{BC2553D2-982F-4E8E-BA1B-56FAFF3D33B4}"
EndProject
Project("{FAE04EC0-301F-11D3-BF4B-00C04F79EFBC}") = "Sales.Contracts", "Modules\Sales\Sales.Contracts\Sales.Contracts.csproj", "{D0F16B89-9696-4EE7-AAF5-A45BCD74BD48}"
EndProject
Project("{FAE04EC0-301F-11D3-BF4B-00C04F79EFBC}") = "Sales.Domain", "Modules\Sales\Sales.Domain\Sales.Domain.csproj", "{7939C3B6-A316-45E5-91B1-F9E85E2BEE0D}"
EndProject
Project("{FAE04EC0-301F-11D3-BF4B-00C04F79EFBC}") = "Sales.Infrastructure", "Modules\Sales\Sales.Infrastructure\Sales.Infrastructure.csproj", "{3FED839B-A1BC-4698-8B21-6B123D79CABE}"
EndProject
Project("{FAE04EC0-301F-11D3-BF4B-00C04F79EFBC}") = "Sales.IntegrationEvents", "Modules\Sales\Sales.IntegrationEvents\Sales.IntegrationEvents.csproj", "{4B917615-D4AB-4AA3-BC68-ECB3EADB5738}"
EndProject
Project("{FAE04EC0-301F-11D3-BF4B-00C04F79EFBC}") = "Sales.API", "Modules\Sales\Sales.API\Sales.API.csproj", "{C04B1E87-0F07-4CA3-BAF1-B29CC851AB8F}"
EndProject
Project("{FAE04EC0-301F-11D3-BF4B-00C04F79EFBC}") = "LokalProdusert.Shared", "LokalProdusert.Shared\LokalProdusert.Shared.csproj", "{CF51FD2F-DFD9-471B-9ABA-A27DEACCDC1E}"
EndProject
Project("{2150E333-8FDC-42A3-9474-1A3956D46DE8}") = "TransportHub", "TransportHub", "{75F621DA-186B-40E8-9A3A-2A7576D018E4}"
EndProject
Project("{FAE04EC0-301F-11D3-BF4B-00C04F79EFBC}") = "TransportHub.API", "Modules\TransportHub\TransportHub.API\TransportHub.API.csproj", "{0D8788BF-E860-43B0-AEE2-932DE0AC2547}"
EndProject
Project("{FAE04EC0-301F-11D3-BF4B-00C04F79EFBC}") = "TransportHub.Application", "Modules\TransportHub\TransportHub.Application\TransportHub.Application.csproj", "{C1140B49-DB56-4947-8AEE-FDF96F5B4364}"
EndProject
Project("{FAE04EC0-301F-11D3-BF4B-00C04F79EFBC}") = "TransportHub.Contracts", "Modules\TransportHub\TransportHub.Contracts\TransportHub.Contracts.csproj", "{67B792EC-11D7-44CD-BF66-BF1A738970F3}"
EndProject
Project("{FAE04EC0-301F-11D3-BF4B-00C04F79EFBC}") = "TransportHub.Domain", "Modules\TransportHub\TransportHub.Domain\TransportHub.Domain.csproj", "{B99165C7-F2D7-42BE-995E-EE0FC6FA2084}"
EndProject
Project("{FAE04EC0-301F-11D3-BF4B-00C04F79EFBC}") = "TransportHub.Infrastructure", "Modules\TransportHub\TransportHub.Infrastructure\TransportHub.Infrastructure.csproj", "{6A0F389D-25F2-42AC-8856-F24D8EB8F541}"
EndProject
Project("{FAE04EC0-301F-11D3-BF4B-00C04F79EFBC}") = "TransportHub.IntegrationEvents", "Modules\TransportHub\TransportHub.IntegrationEvents\TransportHub.IntegrationEvents.csproj", "{42479C14-DE8D-4101-946C-79BECF811545}"
EndProject
Project("{2150E333-8FDC-42A3-9474-1A3956D46DE8}") = "Payments", "Payments", "{E18580CB-771F-4176-A821-833C2C3183D5}"
EndProject
Project("{FAE04EC0-301F-11D3-BF4B-00C04F79EFBC}") = "Payments.API", "Modules\Payments\Payments.API\Payments.API.csproj", "{C4C3E27B-FE4D-4A55-BC2D-5976795DB7CB}"
EndProject
Project("{FAE04EC0-301F-11D3-BF4B-00C04F79EFBC}") = "Payments.Contracts", "Modules\Payments\Payments.Contracts\Payments.Contracts.csproj", "{80B71933-A247-4779-B2A9-F89CED3ADB2C}"
EndProject
Project("{FAE04EC0-301F-11D3-BF4B-00C04F79EFBC}") = "Payments.Application", "Modules\Payments\Payments.Application\Payments.Application.csproj", "{B3323806-EE99-4595-9240-BBC25CDDD024}"
EndProject
Project("{FAE04EC0-301F-11D3-BF4B-00C04F79EFBC}") = "Payments.Domain", "Modules\Payments\Payments.Domain\Payments.Domain.csproj", "{CE5AB77E-FC1C-4F66-BC54-56B48E239CFF}"
EndProject
Project("{FAE04EC0-301F-11D3-BF4B-00C04F79EFBC}") = "Payments.IntegrationEvents", "Modules\Payments\Payments.IntegrationEvents\Payments.IntegrationEvents.csproj", "{1B4E4416-8A96-4B73-8D58-42C71F54A9D5}"
EndProject
Project("{FAE04EC0-301F-11D3-BF4B-00C04F79EFBC}") = "Payments.Infrastructure", "Modules\Payments\Payments.Infrastructure\Payments.Infrastructure.csproj", "{DCE969C5-168F-4364-AAD1-DE43609DD85D}"
EndProject
Project("{2150E333-8FDC-42A3-9474-1A3956D46DE8}") = "Users", "Users", "{0F6CDEAD-7453-4877-BFEE-B263B57DB9DF}"
EndProject
Project("{FAE04EC0-301F-11D3-BF4B-00C04F79EFBC}") = "Users.API", "Modules\Users\Users.API\Users.API.csproj", "{F3122FB9-0660-49D8-9A25-4B5CE2DA3EFD}"
EndProject
Project("{FAE04EC0-301F-11D3-BF4B-00C04F79EFBC}") = "Users.Application", "Modules\Users\Users.Application\Users.Application.csproj", "{CD2BBF47-D58D-4069-A5FC-AB0EBB65EC8C}"
EndProject
Project("{FAE04EC0-301F-11D3-BF4B-00C04F79EFBC}") = "Users.Contracts", "Modules\Users\Users.Contracts\Users.Contracts.csproj", "{4B9B964B-E4A3-44F2-B2D8-5B6B7293ABB3}"
EndProject
Project("{FAE04EC0-301F-11D3-BF4B-00C04F79EFBC}") = "Users.Domain", "Modules\Users\Users.Domain\Users.Domain.csproj", "{038F02CA-1FFA-4470-86E1-3DBF87EFA8D4}"
EndProject
Project("{FAE04EC0-301F-11D3-BF4B-00C04F79EFBC}") = "Users.Infrastructure", "Modules\Users\Users.Infrastructure\Users.Infrastructure.csproj", "{E50E1C34-13FA-4B12-8154-D2B368A5BDCF}"
EndProject
Project("{FAE04EC0-301F-11D3-BF4B-00C04F79EFBC}") = "Users.IntegrationEvents", "Modules\Users\Users.IntegrationEvents\Users.IntegrationEvents.csproj", "{4B4E84D9-0D71-48EC-9652-EB240710FF7A}"
EndProject
Project("{2150E333-8FDC-42A3-9474-1A3956D46DE8}") = "Administration", "Administration", "{45EB05C0-AF95-4A40-A4DC-41AF77EE0E2B}"
EndProject
Project("{FAE04EC0-301F-11D3-BF4B-00C04F79EFBC}") = "Administration.API", "Modules\Administration\Administration.API\Administration.API.csproj", "{527DD5DA-68CE-4D87-9157-1763FC5F4863}"
EndProject
Project("{FAE04EC0-301F-11D3-BF4B-00C04F79EFBC}") = "Administration.Application", "Modules\Administration\Administration.Application\Administration.Application.csproj", "{780A75D2-8EC8-47E6-9C4D-C5D84B228D2B}"
EndProject
Project("{FAE04EC0-301F-11D3-BF4B-00C04F79EFBC}") = "Administration.Contracts", "Modules\Administration\Administration.Contracts\Administration.Contracts.csproj", "{52A3151C-60CF-4A1E-B249-50994D2AFD63}"
EndProject
Project("{FAE04EC0-301F-11D3-BF4B-00C04F79EFBC}") = "Administration.Domain", "Modules\Administration\Administration.Domain\Administration.Domain.csproj", "{2501879F-A713-4C7A-BD96-7BF38D6781F1}"
EndProject
Project("{FAE04EC0-301F-11D3-BF4B-00C04F79EFBC}") = "Administration.Infrastructure", "Modules\Administration\Administration.Infrastructure\Administration.Infrastructure.csproj", "{8913BC82-6349-4B00-8D01-C4BCAE2B0176}"
EndProject
Project("{FAE04EC0-301F-11D3-BF4B-00C04F79EFBC}") = "Administration.IntegrationEvents", "Modules\Administration\Administration.IntegrationEvents\Administration.IntegrationEvents.csproj", "{F538B938-C7BE-47CA-9582-FE87E3894792}"
EndProject
Global
	GlobalSection(SolutionConfigurationPlatforms) = preSolution
		Debug|Any CPU = Debug|Any CPU
		Release|Any CPU = Release|Any CPU
	EndGlobalSection
	GlobalSection(SolutionProperties) = preSolution
		HideSolutionNode = FALSE
	EndGlobalSection
	GlobalSection(ProjectConfigurationPlatforms) = postSolution
		{FD0C9A5D-A2C2-4240-ADDE-87DBFFD5F80E}.Debug|Any CPU.ActiveCfg = Debug|Any CPU
		{FD0C9A5D-A2C2-4240-ADDE-87DBFFD5F80E}.Debug|Any CPU.Build.0 = Debug|Any CPU
		{FD0C9A5D-A2C2-4240-ADDE-87DBFFD5F80E}.Release|Any CPU.ActiveCfg = Release|Any CPU
		{FD0C9A5D-A2C2-4240-ADDE-87DBFFD5F80E}.Release|Any CPU.Build.0 = Release|Any CPU
		{BC2553D2-982F-4E8E-BA1B-56FAFF3D33B4}.Debug|Any CPU.ActiveCfg = Debug|Any CPU
		{BC2553D2-982F-4E8E-BA1B-56FAFF3D33B4}.Debug|Any CPU.Build.0 = Debug|Any CPU
		{BC2553D2-982F-4E8E-BA1B-56FAFF3D33B4}.Release|Any CPU.ActiveCfg = Release|Any CPU
		{BC2553D2-982F-4E8E-BA1B-56FAFF3D33B4}.Release|Any CPU.Build.0 = Release|Any CPU
		{D0F16B89-9696-4EE7-AAF5-A45BCD74BD48}.Debug|Any CPU.ActiveCfg = Debug|Any CPU
		{D0F16B89-9696-4EE7-AAF5-A45BCD74BD48}.Debug|Any CPU.Build.0 = Debug|Any CPU
		{D0F16B89-9696-4EE7-AAF5-A45BCD74BD48}.Release|Any CPU.ActiveCfg = Release|Any CPU
		{D0F16B89-9696-4EE7-AAF5-A45BCD74BD48}.Release|Any CPU.Build.0 = Release|Any CPU
		{7939C3B6-A316-45E5-91B1-F9E85E2BEE0D}.Debug|Any CPU.ActiveCfg = Debug|Any CPU
		{7939C3B6-A316-45E5-91B1-F9E85E2BEE0D}.Debug|Any CPU.Build.0 = Debug|Any CPU
		{7939C3B6-A316-45E5-91B1-F9E85E2BEE0D}.Release|Any CPU.ActiveCfg = Release|Any CPU
		{7939C3B6-A316-45E5-91B1-F9E85E2BEE0D}.Release|Any CPU.Build.0 = Release|Any CPU
		{3FED839B-A1BC-4698-8B21-6B123D79CABE}.Debug|Any CPU.ActiveCfg = Debug|Any CPU
		{3FED839B-A1BC-4698-8B21-6B123D79CABE}.Debug|Any CPU.Build.0 = Debug|Any CPU
		{3FED839B-A1BC-4698-8B21-6B123D79CABE}.Release|Any CPU.ActiveCfg = Release|Any CPU
		{3FED839B-A1BC-4698-8B21-6B123D79CABE}.Release|Any CPU.Build.0 = Release|Any CPU
		{4B917615-D4AB-4AA3-BC68-ECB3EADB5738}.Debug|Any CPU.ActiveCfg = Debug|Any CPU
		{4B917615-D4AB-4AA3-BC68-ECB3EADB5738}.Debug|Any CPU.Build.0 = Debug|Any CPU
		{4B917615-D4AB-4AA3-BC68-ECB3EADB5738}.Release|Any CPU.ActiveCfg = Release|Any CPU
		{4B917615-D4AB-4AA3-BC68-ECB3EADB5738}.Release|Any CPU.Build.0 = Release|Any CPU
		{C04B1E87-0F07-4CA3-BAF1-B29CC851AB8F}.Debug|Any CPU.ActiveCfg = Debug|Any CPU
		{C04B1E87-0F07-4CA3-BAF1-B29CC851AB8F}.Debug|Any CPU.Build.0 = Debug|Any CPU
		{C04B1E87-0F07-4CA3-BAF1-B29CC851AB8F}.Release|Any CPU.ActiveCfg = Release|Any CPU
		{C04B1E87-0F07-4CA3-BAF1-B29CC851AB8F}.Release|Any CPU.Build.0 = Release|Any CPU
		{CF51FD2F-DFD9-471B-9ABA-A27DEACCDC1E}.Debug|Any CPU.ActiveCfg = Debug|Any CPU
		{CF51FD2F-DFD9-471B-9ABA-A27DEACCDC1E}.Debug|Any CPU.Build.0 = Debug|Any CPU
		{CF51FD2F-DFD9-471B-9ABA-A27DEACCDC1E}.Release|Any CPU.ActiveCfg = Release|Any CPU
		{CF51FD2F-DFD9-471B-9ABA-A27DEACCDC1E}.Release|Any CPU.Build.0 = Release|Any CPU
		{0D8788BF-E860-43B0-AEE2-932DE0AC2547}.Debug|Any CPU.ActiveCfg = Debug|Any CPU
		{0D8788BF-E860-43B0-AEE2-932DE0AC2547}.Debug|Any CPU.Build.0 = Debug|Any CPU
		{0D8788BF-E860-43B0-AEE2-932DE0AC2547}.Release|Any CPU.ActiveCfg = Release|Any CPU
		{0D8788BF-E860-43B0-AEE2-932DE0AC2547}.Release|Any CPU.Build.0 = Release|Any CPU
		{C1140B49-DB56-4947-8AEE-FDF96F5B4364}.Debug|Any CPU.ActiveCfg = Debug|Any CPU
		{C1140B49-DB56-4947-8AEE-FDF96F5B4364}.Debug|Any CPU.Build.0 = Debug|Any CPU
		{C1140B49-DB56-4947-8AEE-FDF96F5B4364}.Release|Any CPU.ActiveCfg = Release|Any CPU
		{C1140B49-DB56-4947-8AEE-FDF96F5B4364}.Release|Any CPU.Build.0 = Release|Any CPU
		{67B792EC-11D7-44CD-BF66-BF1A738970F3}.Debug|Any CPU.ActiveCfg = Debug|Any CPU
		{67B792EC-11D7-44CD-BF66-BF1A738970F3}.Debug|Any CPU.Build.0 = Debug|Any CPU
		{67B792EC-11D7-44CD-BF66-BF1A738970F3}.Release|Any CPU.ActiveCfg = Release|Any CPU
		{67B792EC-11D7-44CD-BF66-BF1A738970F3}.Release|Any CPU.Build.0 = Release|Any CPU
		{B99165C7-F2D7-42BE-995E-EE0FC6FA2084}.Debug|Any CPU.ActiveCfg = Debug|Any CPU
		{B99165C7-F2D7-42BE-995E-EE0FC6FA2084}.Debug|Any CPU.Build.0 = Debug|Any CPU
		{B99165C7-F2D7-42BE-995E-EE0FC6FA2084}.Release|Any CPU.ActiveCfg = Release|Any CPU
		{B99165C7-F2D7-42BE-995E-EE0FC6FA2084}.Release|Any CPU.Build.0 = Release|Any CPU
		{6A0F389D-25F2-42AC-8856-F24D8EB8F541}.Debug|Any CPU.ActiveCfg = Debug|Any CPU
		{6A0F389D-25F2-42AC-8856-F24D8EB8F541}.Debug|Any CPU.Build.0 = Debug|Any CPU
		{6A0F389D-25F2-42AC-8856-F24D8EB8F541}.Release|Any CPU.ActiveCfg = Release|Any CPU
		{6A0F389D-25F2-42AC-8856-F24D8EB8F541}.Release|Any CPU.Build.0 = Release|Any CPU
		{42479C14-DE8D-4101-946C-79BECF811545}.Debug|Any CPU.ActiveCfg = Debug|Any CPU
		{42479C14-DE8D-4101-946C-79BECF811545}.Debug|Any CPU.Build.0 = Debug|Any CPU
		{42479C14-DE8D-4101-946C-79BECF811545}.Release|Any CPU.ActiveCfg = Release|Any CPU
		{42479C14-DE8D-4101-946C-79BECF811545}.Release|Any CPU.Build.0 = Release|Any CPU
		{C4C3E27B-FE4D-4A55-BC2D-5976795DB7CB}.Debug|Any CPU.ActiveCfg = Debug|Any CPU
		{C4C3E27B-FE4D-4A55-BC2D-5976795DB7CB}.Debug|Any CPU.Build.0 = Debug|Any CPU
		{C4C3E27B-FE4D-4A55-BC2D-5976795DB7CB}.Release|Any CPU.ActiveCfg = Release|Any CPU
		{C4C3E27B-FE4D-4A55-BC2D-5976795DB7CB}.Release|Any CPU.Build.0 = Release|Any CPU
		{80B71933-A247-4779-B2A9-F89CED3ADB2C}.Debug|Any CPU.ActiveCfg = Debug|Any CPU
		{80B71933-A247-4779-B2A9-F89CED3ADB2C}.Debug|Any CPU.Build.0 = Debug|Any CPU
		{80B71933-A247-4779-B2A9-F89CED3ADB2C}.Release|Any CPU.ActiveCfg = Release|Any CPU
		{80B71933-A247-4779-B2A9-F89CED3ADB2C}.Release|Any CPU.Build.0 = Release|Any CPU
		{B3323806-EE99-4595-9240-BBC25CDDD024}.Debug|Any CPU.ActiveCfg = Debug|Any CPU
		{B3323806-EE99-4595-9240-BBC25CDDD024}.Debug|Any CPU.Build.0 = Debug|Any CPU
		{B3323806-EE99-4595-9240-BBC25CDDD024}.Release|Any CPU.ActiveCfg = Release|Any CPU
		{B3323806-EE99-4595-9240-BBC25CDDD024}.Release|Any CPU.Build.0 = Release|Any CPU
		{CE5AB77E-FC1C-4F66-BC54-56B48E239CFF}.Debug|Any CPU.ActiveCfg = Debug|Any CPU
		{CE5AB77E-FC1C-4F66-BC54-56B48E239CFF}.Debug|Any CPU.Build.0 = Debug|Any CPU
		{CE5AB77E-FC1C-4F66-BC54-56B48E239CFF}.Release|Any CPU.ActiveCfg = Release|Any CPU
		{CE5AB77E-FC1C-4F66-BC54-56B48E239CFF}.Release|Any CPU.Build.0 = Release|Any CPU
		{1B4E4416-8A96-4B73-8D58-42C71F54A9D5}.Debug|Any CPU.ActiveCfg = Debug|Any CPU
		{1B4E4416-8A96-4B73-8D58-42C71F54A9D5}.Debug|Any CPU.Build.0 = Debug|Any CPU
		{1B4E4416-8A96-4B73-8D58-42C71F54A9D5}.Release|Any CPU.ActiveCfg = Release|Any CPU
		{1B4E4416-8A96-4B73-8D58-42C71F54A9D5}.Release|Any CPU.Build.0 = Release|Any CPU
		{DCE969C5-168F-4364-AAD1-DE43609DD85D}.Debug|Any CPU.ActiveCfg = Debug|Any CPU
		{DCE969C5-168F-4364-AAD1-DE43609DD85D}.Debug|Any CPU.Build.0 = Debug|Any CPU
		{DCE969C5-168F-4364-AAD1-DE43609DD85D}.Release|Any CPU.ActiveCfg = Release|Any CPU
		{DCE969C5-168F-4364-AAD1-DE43609DD85D}.Release|Any CPU.Build.0 = Release|Any CPU
		{F3122FB9-0660-49D8-9A25-4B5CE2DA3EFD}.Debug|Any CPU.ActiveCfg = Debug|Any CPU
		{F3122FB9-0660-49D8-9A25-4B5CE2DA3EFD}.Debug|Any CPU.Build.0 = Debug|Any CPU
		{F3122FB9-0660-49D8-9A25-4B5CE2DA3EFD}.Release|Any CPU.ActiveCfg = Release|Any CPU
		{F3122FB9-0660-49D8-9A25-4B5CE2DA3EFD}.Release|Any CPU.Build.0 = Release|Any CPU
		{CD2BBF47-D58D-4069-A5FC-AB0EBB65EC8C}.Debug|Any CPU.ActiveCfg = Debug|Any CPU
		{CD2BBF47-D58D-4069-A5FC-AB0EBB65EC8C}.Debug|Any CPU.Build.0 = Debug|Any CPU
		{CD2BBF47-D58D-4069-A5FC-AB0EBB65EC8C}.Release|Any CPU.ActiveCfg = Release|Any CPU
		{CD2BBF47-D58D-4069-A5FC-AB0EBB65EC8C}.Release|Any CPU.Build.0 = Release|Any CPU
		{4B9B964B-E4A3-44F2-B2D8-5B6B7293ABB3}.Debug|Any CPU.ActiveCfg = Debug|Any CPU
		{4B9B964B-E4A3-44F2-B2D8-5B6B7293ABB3}.Debug|Any CPU.Build.0 = Debug|Any CPU
		{4B9B964B-E4A3-44F2-B2D8-5B6B7293ABB3}.Release|Any CPU.ActiveCfg = Release|Any CPU
		{4B9B964B-E4A3-44F2-B2D8-5B6B7293ABB3}.Release|Any CPU.Build.0 = Release|Any CPU
		{038F02CA-1FFA-4470-86E1-3DBF87EFA8D4}.Debug|Any CPU.ActiveCfg = Debug|Any CPU
		{038F02CA-1FFA-4470-86E1-3DBF87EFA8D4}.Debug|Any CPU.Build.0 = Debug|Any CPU
		{038F02CA-1FFA-4470-86E1-3DBF87EFA8D4}.Release|Any CPU.ActiveCfg = Release|Any CPU
		{038F02CA-1FFA-4470-86E1-3DBF87EFA8D4}.Release|Any CPU.Build.0 = Release|Any CPU
		{E50E1C34-13FA-4B12-8154-D2B368A5BDCF}.Debug|Any CPU.ActiveCfg = Debug|Any CPU
		{E50E1C34-13FA-4B12-8154-D2B368A5BDCF}.Debug|Any CPU.Build.0 = Debug|Any CPU
		{E50E1C34-13FA-4B12-8154-D2B368A5BDCF}.Release|Any CPU.ActiveCfg = Release|Any CPU
		{E50E1C34-13FA-4B12-8154-D2B368A5BDCF}.Release|Any CPU.Build.0 = Release|Any CPU
		{4B4E84D9-0D71-48EC-9652-EB240710FF7A}.Debug|Any CPU.ActiveCfg = Debug|Any CPU
		{4B4E84D9-0D71-48EC-9652-EB240710FF7A}.Debug|Any CPU.Build.0 = Debug|Any CPU
		{4B4E84D9-0D71-48EC-9652-EB240710FF7A}.Release|Any CPU.ActiveCfg = Release|Any CPU
		{4B4E84D9-0D71-48EC-9652-EB240710FF7A}.Release|Any CPU.Build.0 = Release|Any CPU
		{527DD5DA-68CE-4D87-9157-1763FC5F4863}.Debug|Any CPU.ActiveCfg = Debug|Any CPU
		{527DD5DA-68CE-4D87-9157-1763FC5F4863}.Debug|Any CPU.Build.0 = Debug|Any CPU
		{527DD5DA-68CE-4D87-9157-1763FC5F4863}.Release|Any CPU.ActiveCfg = Release|Any CPU
		{527DD5DA-68CE-4D87-9157-1763FC5F4863}.Release|Any CPU.Build.0 = Release|Any CPU
		{780A75D2-8EC8-47E6-9C4D-C5D84B228D2B}.Debug|Any CPU.ActiveCfg = Debug|Any CPU
		{780A75D2-8EC8-47E6-9C4D-C5D84B228D2B}.Debug|Any CPU.Build.0 = Debug|Any CPU
		{780A75D2-8EC8-47E6-9C4D-C5D84B228D2B}.Release|Any CPU.ActiveCfg = Release|Any CPU
		{780A75D2-8EC8-47E6-9C4D-C5D84B228D2B}.Release|Any CPU.Build.0 = Release|Any CPU
		{52A3151C-60CF-4A1E-B249-50994D2AFD63}.Debug|Any CPU.ActiveCfg = Debug|Any CPU
		{52A3151C-60CF-4A1E-B249-50994D2AFD63}.Debug|Any CPU.Build.0 = Debug|Any CPU
		{52A3151C-60CF-4A1E-B249-50994D2AFD63}.Release|Any CPU.ActiveCfg = Release|Any CPU
		{52A3151C-60CF-4A1E-B249-50994D2AFD63}.Release|Any CPU.Build.0 = Release|Any CPU
		{2501879F-A713-4C7A-BD96-7BF38D6781F1}.Debug|Any CPU.ActiveCfg = Debug|Any CPU
		{2501879F-A713-4C7A-BD96-7BF38D6781F1}.Debug|Any CPU.Build.0 = Debug|Any CPU
		{2501879F-A713-4C7A-BD96-7BF38D6781F1}.Release|Any CPU.ActiveCfg = Release|Any CPU
		{2501879F-A713-4C7A-BD96-7BF38D6781F1}.Release|Any CPU.Build.0 = Release|Any CPU
		{8913BC82-6349-4B00-8D01-C4BCAE2B0176}.Debug|Any CPU.ActiveCfg = Debug|Any CPU
		{8913BC82-6349-4B00-8D01-C4BCAE2B0176}.Debug|Any CPU.Build.0 = Debug|Any CPU
		{8913BC82-6349-4B00-8D01-C4BCAE2B0176}.Release|Any CPU.ActiveCfg = Release|Any CPU
		{8913BC82-6349-4B00-8D01-C4BCAE2B0176}.Release|Any CPU.Build.0 = Release|Any CPU
		{F538B938-C7BE-47CA-9582-FE87E3894792}.Debug|Any CPU.ActiveCfg = Debug|Any CPU
		{F538B938-C7BE-47CA-9582-FE87E3894792}.Debug|Any CPU.Build.0 = Debug|Any CPU
		{F538B938-C7BE-47CA-9582-FE87E3894792}.Release|Any CPU.ActiveCfg = Release|Any CPU
		{F538B938-C7BE-47CA-9582-FE87E3894792}.Release|Any CPU.Build.0 = Release|Any CPU
	EndGlobalSection
	GlobalSection(NestedProjects) = preSolution
		{FD0C9A5D-A2C2-4240-ADDE-87DBFFD5F80E} = {92E5B183-0FBA-4DFB-A476-496F986A8EB4}
		{9E4C3705-0B11-469A-99CE-4901D365EF28} = {D291478E-FC53-43F3-B2F0-E4895D87A329}
		{BC2553D2-982F-4E8E-BA1B-56FAFF3D33B4} = {9E4C3705-0B11-469A-99CE-4901D365EF28}
		{D0F16B89-9696-4EE7-AAF5-A45BCD74BD48} = {9E4C3705-0B11-469A-99CE-4901D365EF28}
		{7939C3B6-A316-45E5-91B1-F9E85E2BEE0D} = {9E4C3705-0B11-469A-99CE-4901D365EF28}
		{3FED839B-A1BC-4698-8B21-6B123D79CABE} = {9E4C3705-0B11-469A-99CE-4901D365EF28}
		{4B917615-D4AB-4AA3-BC68-ECB3EADB5738} = {9E4C3705-0B11-469A-99CE-4901D365EF28}
		{C04B1E87-0F07-4CA3-BAF1-B29CC851AB8F} = {9E4C3705-0B11-469A-99CE-4901D365EF28}
		{75F621DA-186B-40E8-9A3A-2A7576D018E4} = {D291478E-FC53-43F3-B2F0-E4895D87A329}
		{0D8788BF-E860-43B0-AEE2-932DE0AC2547} = {75F621DA-186B-40E8-9A3A-2A7576D018E4}
		{C1140B49-DB56-4947-8AEE-FDF96F5B4364} = {75F621DA-186B-40E8-9A3A-2A7576D018E4}
		{67B792EC-11D7-44CD-BF66-BF1A738970F3} = {75F621DA-186B-40E8-9A3A-2A7576D018E4}
		{B99165C7-F2D7-42BE-995E-EE0FC6FA2084} = {75F621DA-186B-40E8-9A3A-2A7576D018E4}
		{6A0F389D-25F2-42AC-8856-F24D8EB8F541} = {75F621DA-186B-40E8-9A3A-2A7576D018E4}
		{42479C14-DE8D-4101-946C-79BECF811545} = {75F621DA-186B-40E8-9A3A-2A7576D018E4}
		{E18580CB-771F-4176-A821-833C2C3183D5} = {D291478E-FC53-43F3-B2F0-E4895D87A329}
		{C4C3E27B-FE4D-4A55-BC2D-5976795DB7CB} = {E18580CB-771F-4176-A821-833C2C3183D5}
		{80B71933-A247-4779-B2A9-F89CED3ADB2C} = {E18580CB-771F-4176-A821-833C2C3183D5}
		{B3323806-EE99-4595-9240-BBC25CDDD024} = {E18580CB-771F-4176-A821-833C2C3183D5}
		{CE5AB77E-FC1C-4F66-BC54-56B48E239CFF} = {E18580CB-771F-4176-A821-833C2C3183D5}
		{1B4E4416-8A96-4B73-8D58-42C71F54A9D5} = {E18580CB-771F-4176-A821-833C2C3183D5}
		{DCE969C5-168F-4364-AAD1-DE43609DD85D} = {E18580CB-771F-4176-A821-833C2C3183D5}
		{0F6CDEAD-7453-4877-BFEE-B263B57DB9DF} = {D291478E-FC53-43F3-B2F0-E4895D87A329}
		{F3122FB9-0660-49D8-9A25-4B5CE2DA3EFD} = {0F6CDEAD-7453-4877-BFEE-B263B57DB9DF}
		{CD2BBF47-D58D-4069-A5FC-AB0EBB65EC8C} = {0F6CDEAD-7453-4877-BFEE-B263B57DB9DF}
		{4B9B964B-E4A3-44F2-B2D8-5B6B7293ABB3} = {0F6CDEAD-7453-4877-BFEE-B263B57DB9DF}
		{038F02CA-1FFA-4470-86E1-3DBF87EFA8D4} = {0F6CDEAD-7453-4877-BFEE-B263B57DB9DF}
		{E50E1C34-13FA-4B12-8154-D2B368A5BDCF} = {0F6CDEAD-7453-4877-BFEE-B263B57DB9DF}
		{4B4E84D9-0D71-48EC-9652-EB240710FF7A} = {0F6CDEAD-7453-4877-BFEE-B263B57DB9DF}
		{45EB05C0-AF95-4A40-A4DC-41AF77EE0E2B} = {D291478E-FC53-43F3-B2F0-E4895D87A329}
		{527DD5DA-68CE-4D87-9157-1763FC5F4863} = {45EB05C0-AF95-4A40-A4DC-41AF77EE0E2B}
		{780A75D2-8EC8-47E6-9C4D-C5D84B228D2B} = {45EB05C0-AF95-4A40-A4DC-41AF77EE0E2B}
		{52A3151C-60CF-4A1E-B249-50994D2AFD63} = {45EB05C0-AF95-4A40-A4DC-41AF77EE0E2B}
		{2501879F-A713-4C7A-BD96-7BF38D6781F1} = {45EB05C0-AF95-4A40-A4DC-41AF77EE0E2B}
		{8913BC82-6349-4B00-8D01-C4BCAE2B0176} = {45EB05C0-AF95-4A40-A4DC-41AF77EE0E2B}
		{F538B938-C7BE-47CA-9582-FE87E3894792} = {45EB05C0-AF95-4A40-A4DC-41AF77EE0E2B}
	EndGlobalSection
EndGlobal
